{
  "nodes": {
    "nixpkgs": {
      "locked": {
        "lastModified": 0,
        "narHash": "sha256-gKWkKT/nFg2d9HZyK7VAjRzkyPfKLx+uIGyWXDw0NB0=",
        "path": "/nix/store/dy663v297xsl0ijghj077lcvb9rp2zfk-source",
        "type": "path"
      },
      "original": {
        "id": "nixpkgs",
        "type": "indirect"
      }
    },
    "root": {
      "inputs": {
        "nixpkgs": "nixpkgs"
      }
    }
  },
  "root": "root",
  "version": 7
}
